// !$*UTF8*$!
{
	archiveVersion = 1;
	classes = {
	};
	objectVersion = 56;
	objects = {

/* Begin PBXBuildFile section */
		BF87B26B2918707000038FE1 /* AppDelegate.swift in Sources */ = {isa = PBXBuildFile; fileRef = BF87B26A2918707000038FE1 /* AppDelegate.swift */; };
		BF87B26D2918707000038FE1 /* SceneDelegate.swift in Sources */ = {isa = PBXBuildFile; fileRef = BF87B26C2918707000038FE1 /* SceneDelegate.swift */; };
		BF87B2722918707000038FE1 /* Main.storyboard in Resources */ = {isa = PBXBuildFile; fileRef = BF87B2702918707000038FE1 /* Main.storyboard */; };
		BF87B2742918707200038FE1 /* Assets.xcassets in Resources */ = {isa = PBXBuildFile; fileRef = BF87B2732918707200038FE1 /* Assets.xcassets */; };
		BF87B2772918707200038FE1 /* LaunchScreen.storyboard in Resources */ = {isa = PBXBuildFile; fileRef = BF87B2752918707200038FE1 /* LaunchScreen.storyboard */; };
		BF87B28129187D4800038FE1 /* GameViewController.swift in Sources */ = {isa = PBXBuildFile; fileRef = BF87B28029187D4800038FE1 /* GameViewController.swift */; };
		BF87B2AC291AFFB500038FE1 /* RankManager.swift in Sources */ = {isa = PBXBuildFile; fileRef = BF87B2AB291AFFB500038FE1 /* RankManager.swift */; };
		BF87B2AF291AFFC500038FE1 /* Rank.swift in Sources */ = {isa = PBXBuildFile; fileRef = BF87B2AE291AFFC500038FE1 /* Rank.swift */; };
		BF87B2B3291AFFFA00038FE1 /* RankingTableViewCell.swift in Sources */ = {isa = PBXBuildFile; fileRef = BF87B2B1291AFFFA00038FE1 /* RankingTableViewCell.swift */; };
		BF87B2B4291AFFFA00038FE1 /* RankingTableViewCell.xib in Resources */ = {isa = PBXBuildFile; fileRef = BF87B2B2291AFFFA00038FE1 /* RankingTableViewCell.xib */; };
		BF87B2B7291B005700038FE1 /* HomeViewController.swift in Sources */ = {isa = PBXBuildFile; fileRef = BF87B2B6291B005700038FE1 /* HomeViewController.swift */; };
/* End PBXBuildFile section */

/* Begin PBXFileReference section */
		BF87B2672918707000038FE1 /* AvoidingPoop.app */ = {isa = PBXFileReference; explicitFileType = wrapper.application; includeInIndex = 0; path = AvoidingPoop.app; sourceTree = BUILT_PRODUCTS_DIR; };
		BF87B26A2918707000038FE1 /* AppDelegate.swift */ = {isa = PBXFileReference; lastKnownFileType = sourcecode.swift; path = AppDelegate.swift; sourceTree = "<group>"; };
		BF87B26C2918707000038FE1 /* SceneDelegate.swift */ = {isa = PBXFileReference; lastKnownFileType = sourcecode.swift; path = SceneDelegate.swift; sourceTree = "<group>"; };
		BF87B2712918707000038FE1 /* Base */ = {isa = PBXFileReference; lastKnownFileType = file.storyboard; name = Base; path = Base.lproj/Main.storyboard; sourceTree = "<group>"; };
		BF87B2732918707200038FE1 /* Assets.xcassets */ = {isa = PBXFileReference; lastKnownFileType = folder.assetcatalog; path = Assets.xcassets; sourceTree = "<group>"; };
		BF87B2762918707200038FE1 /* Base */ = {isa = PBXFileReference; lastKnownFileType = file.storyboard; name = Base; path = Base.lproj/LaunchScreen.storyboard; sourceTree = "<group>"; };
		BF87B2782918707200038FE1 /* Info.plist */ = {isa = PBXFileReference; lastKnownFileType = text.plist.xml; path = Info.plist; sourceTree = "<group>"; };
		BF87B28029187D4800038FE1 /* GameViewController.swift */ = {isa = PBXFileReference; lastKnownFileType = sourcecode.swift; path = GameViewController.swift; sourceTree = "<group>"; };
		BF87B2AB291AFFB500038FE1 /* RankManager.swift */ = {isa = PBXFileReference; lastKnownFileType = sourcecode.swift; path = RankManager.swift; sourceTree = "<group>"; };
		BF87B2AE291AFFC500038FE1 /* Rank.swift */ = {isa = PBXFileReference; lastKnownFileType = sourcecode.swift; path = Rank.swift; sourceTree = "<group>"; };
		BF87B2B1291AFFFA00038FE1 /* RankingTableViewCell.swift */ = {isa = PBXFileReference; lastKnownFileType = sourcecode.swift; path = RankingTableViewCell.swift; sourceTree = "<group>"; };
		BF87B2B2291AFFFA00038FE1 /* RankingTableViewCell.xib */ = {isa = PBXFileReference; lastKnownFileType = file.xib; path = RankingTableViewCell.xib; sourceTree = "<group>"; };
		BF87B2B6291B005700038FE1 /* HomeViewController.swift */ = {isa = PBXFileReference; lastKnownFileType = sourcecode.swift; path = HomeViewController.swift; sourceTree = "<group>"; };
/* End PBXFileReference section */

/* Begin PBXFrameworksBuildPhase section */
		BF87B2642918707000038FE1 /* Frameworks */ = {
			isa = PBXFrameworksBuildPhase;
			buildActionMask = 2147483647;
			files = (
			);
			runOnlyForDeploymentPostprocessing = 0;
		};
/* End PBXFrameworksBuildPhase section */

/* Begin PBXGroup section */
		BF87B25E2918707000038FE1 = {
			isa = PBXGroup;
			children = (
				BF87B2692918707000038FE1 /* AvoidingPoop */,
				BF87B2682918707000038FE1 /* Products */,
			);
			sourceTree = "<group>";
		};
		BF87B2682918707000038FE1 /* Products */ = {
			isa = PBXGroup;
			children = (
				BF87B2672918707000038FE1 /* AvoidingPoop.app */,
			);
			name = Products;
			sourceTree = "<group>";
		};
		BF87B2692918707000038FE1 /* AvoidingPoop */ = {
			isa = PBXGroup;
			children = (
				BF87B2AD291AFFBB00038FE1 /* Model */,
				BF87B2AA291AFFA600038FE1 /* Manager */,
				BF87B2B0291AFFDA00038FE1 /* Cell */,
				BF87B2B5291B000300038FE1 /* ViewController */,
				BF87B26A2918707000038FE1 /* AppDelegate.swift */,
				BF87B26C2918707000038FE1 /* SceneDelegate.swift */,
				BF87B2702918707000038FE1 /* Main.storyboard */,
				BF87B2732918707200038FE1 /* Assets.xcassets */,
				BF87B2752918707200038FE1 /* LaunchScreen.storyboard */,
				BF87B2782918707200038FE1 /* Info.plist */,
			);
			path = AvoidingPoop;
			sourceTree = "<group>";
		};
		BF87B2AA291AFFA600038FE1 /* Manager */ = {
			isa = PBXGroup;
			children = (
				BF87B2AB291AFFB500038FE1 /* RankManager.swift */,
			);
			path = Manager;
			sourceTree = "<group>";
		};
		BF87B2AD291AFFBB00038FE1 /* Model */ = {
			isa = PBXGroup;
			children = (
				BF87B2AE291AFFC500038FE1 /* Rank.swift */,
			);
			path = Model;
			sourceTree = "<group>";
		};
		BF87B2B0291AFFDA00038FE1 /* Cell */ = {
			isa = PBXGroup;
			children = (
				BF87B2B1291AFFFA00038FE1 /* RankingTableViewCell.swift */,
				BF87B2B2291AFFFA00038FE1 /* RankingTableViewCell.xib */,
			);
			path = Cell;
			sourceTree = "<group>";
		};
		BF87B2B5291B000300038FE1 /* ViewController */ = {
			isa = PBXGroup;
			children = (
				BF87B2B6291B005700038FE1 /* HomeViewController.swift */,
				BF87B28029187D4800038FE1 /* GameViewController.swift */,
			);
			path = ViewController;
			sourceTree = "<group>";
		};
/* End PBXGroup section */

/* Begin PBXNativeTarget section */
		BF87B2662918707000038FE1 /* AvoidingPoop */ = {
			isa = PBXNativeTarget;
			buildConfigurationList = BF87B27B2918707200038FE1 /* Build configuration list for PBXNativeTarget "AvoidingPoop" */;
			buildPhases = (
				BF87B2632918707000038FE1 /* Sources */,
				BF87B2642918707000038FE1 /* Frameworks */,
				BF87B2652918707000038FE1 /* Resources */,
			);
			buildRules = (
			);
			dependencies = (
			);
			name = AvoidingPoop;
			productName = AvoidingPoop;
			productReference = BF87B2672918707000038FE1 /* AvoidingPoop.app */;
			productType = "com.apple.product-type.application";
		};
/* End PBXNativeTarget section */

/* Begin PBXProject section */
		BF87B25F2918707000038FE1 /* Project object */ = {
			isa = PBXProject;
			attributes = {
				BuildIndependentTargetsInParallel = 1;
				LastSwiftUpdateCheck = 1410;
				LastUpgradeCheck = 1410;
				TargetAttributes = {
					BF87B2662918707000038FE1 = {
						CreatedOnToolsVersion = 14.1;
					};
				};
			};
			buildConfigurationList = BF87B2622918707000038FE1 /* Build configuration list for PBXProject "AvoidingPoop" */;
			compatibilityVersion = "Xcode 14.0";
			developmentRegion = en;
			hasScannedForEncodings = 0;
			knownRegions = (
				en,
				Base,
			);
			mainGroup = BF87B25E2918707000038FE1;
			productRefGroup = BF87B2682918707000038FE1 /* Products */;
			projectDirPath = "";
			projectRoot = "";
			targets = (
				BF87B2662918707000038FE1 /* AvoidingPoop */,
			);
		};
/* End PBXProject section */

/* Begin PBXResourcesBuildPhase section */
		BF87B2652918707000038FE1 /* Resources */ = {
			isa = PBXResourcesBuildPhase;
			buildActionMask = 2147483647;
			files = (
				BF87B2772918707200038FE1 /* LaunchScreen.storyboard in Resources */,
				BF87B2742918707200038FE1 /* Assets.xcassets in Resources */,
				BF87B2B4291AFFFA00038FE1 /* RankingTableViewCell.xib in Resources */,
				BF87B2722918707000038FE1 /* Main.storyboard in Resources */,
			);
			runOnlyForDeploymentPostprocessing = 0;
		};
/* End PBXResourcesBuildPhase section */

/* Begin PBXSourcesBuildPhase section */
		BF87B2632918707000038FE1 /* Sources */ = {
			isa = PBXSourcesBuildPhase;
			buildActionMask = 2147483647;
			files = (
				BF87B28129187D4800038FE1 /* GameViewController.swift in Sources */,
				BF87B2AC291AFFB500038FE1 /* RankManager.swift in Sources */,
				BF87B2B7291B005700038FE1 /* HomeViewController.swift in Sources */,
				BF87B2AF291AFFC500038FE1 /* Rank.swift in Sources */,
				BF87B2B3291AFFFA00038FE1 /* RankingTableViewCell.swift in Sources */,
				BF87B26B2918707000038FE1 /* AppDelegate.swift in Sources */,
				BF87B26D2918707000038FE1 /* SceneDelegate.swift in Sources */,
			);
			runOnlyForDeploymentPostprocessing = 0;
		};
/* End PBXSourcesBuildPhase section */

/* Begin PBXVariantGroup section */
		BF87B2702918707000038FE1 /* Main.storyboard */ = {
			isa = PBXVariantGroup;
			children = (
				BF87B2712918707000038FE1 /* Base */,
			);
			name = Main.storyboard;
			sourceTree = "<group>";
		};
		BF87B2752918707200038FE1 /* LaunchScreen.storyboard */ = {
			isa = PBXVariantGroup;
			children = (
				BF87B2762918707200038FE1 /* Base */,
			);
			name = LaunchScreen.storyboard;
			sourceTree = "<group>";
		};
/* End PBXVariantGroup section */

/* Begin XCBuildConfiguration section */
		BF87B2792918707200038FE1 /* Debug */ = {
			isa = XCBuildConfiguration;
			buildSettings = {
				ALWAYS_SEARCH_USER_PATHS = NO;
				CLANG_ANALYZER_NONNULL = YES;
				CLANG_ANALYZER_NUMBER_OBJECT_CONVERSION = YES_AGGRESSIVE;
				CLANG_CXX_LANGUAGE_STANDARD = "gnu++20";
				CLANG_ENABLE_MODULES = YES;
				CLANG_ENABLE_OBJC_ARC = YES;
				CLANG_ENABLE_OBJC_WEAK = YES;
				CLANG_WARN_BLOCK_CAPTURE_AUTORELEASING = YES;
				CLANG_WARN_BOOL_CONVERSION = YES;
				CLANG_WARN_COMMA = YES;
				CLANG_WARN_CONSTANT_CONVERSION = YES;
				CLANG_WARN_DEPRECATED_OBJC_IMPLEMENTATIONS = YES;
				CLANG_WARN_DIRECT_OBJC_ISA_USAGE = YES_ERROR;
				CLANG_WARN_DOCUMENTATION_COMMENTS = YES;
				CLANG_WARN_EMPTY_BODY = YES;
				CLANG_WARN_ENUM_CONVERSION = YES;
				CLANG_WARN_INFINITE_RECURSION = YES;
				CLANG_WARN_INT_CONVERSION = YES;
				CLANG_WARN_NON_LITERAL_NULL_CONVERSION = YES;
				CLANG_WARN_OBJC_IMPLICIT_RETAIN_SELF = YES;
				CLANG_WARN_OBJC_LITERAL_CONVERSION = YES;
				CLANG_WARN_OBJC_ROOT_CLASS = YES_ERROR;
				CLANG_WARN_QUOTED_INCLUDE_IN_FRAMEWORK_HEADER = YES;
				CLANG_WARN_RANGE_LOOP_ANALYSIS = YES;
				CLANG_WARN_STRICT_PROTOTYPES = YES;
				CLANG_WARN_SUSPICIOUS_MOVE = YES;
				CLANG_WARN_UNGUARDED_AVAILABILITY = YES_AGGRESSIVE;
				CLANG_WARN_UNREACHABLE_CODE = YES;
				CLANG_WARN__DUPLICATE_METHOD_MATCH = YES;
				COPY_PHASE_STRIP = NO;
				DEBUG_INFORMATION_FORMAT = dwarf;
				ENABLE_STRICT_OBJC_MSGSEND = YES;
				ENABLE_TESTABILITY = YES;
				GCC_C_LANGUAGE_STANDARD = gnu11;
				GCC_DYNAMIC_NO_PIC = NO;
				GCC_NO_COMMON_BLOCKS = YES;
				GCC_OPTIMIZATION_LEVEL = 0;
				GCC_PREPROCESSOR_DEFINITIONS = (
					"DEBUG=1",
					"$(inherited)",
				);
				GCC_WARN_64_TO_32_BIT_CONVERSION = YES;
				GCC_WARN_ABOUT_RETURN_TYPE = YES_ERROR;
				GCC_WARN_UNDECLARED_SELECTOR = YES;
				GCC_WARN_UNINITIALIZED_AUTOS = YES_AGGRESSIVE;
				GCC_WARN_UNUSED_FUNCTION = YES;
				GCC_WARN_UNUSED_VARIABLE = YES;
				IPHONEOS_DEPLOYMENT_TARGET = 16.1;
				MTL_ENABLE_DEBUG_INFO = INCLUDE_SOURCE;
				MTL_FAST_MATH = YES;
				ONLY_ACTIVE_ARCH = YES;
				SDKROOT = iphoneos;
				SWIFT_ACTIVE_COMPILATION_CONDITIONS = DEBUG;
				SWIFT_OPTIMIZATION_LEVEL = "-Onone";
			};
			name = Debug;
		};
		BF87B27A2918707200038FE1 /* Release */ = {
			isa = XCBuildConfiguration;
			buildSettings = {
				ALWAYS_SEARCH_USER_PATHS = NO;
				CLANG_ANALYZER_NONNULL = YES;
				CLANG_ANALYZER_NUMBER_OBJECT_CONVERSION = YES_AGGRESSIVE;
				CLANG_CXX_LANGUAGE_STANDARD = "gnu++20";
				CLANG_ENABLE_MODULES = YES;
				CLANG_ENABLE_OBJC_ARC = YES;
				CLANG_ENABLE_OBJC_WEAK = YES;
				CLANG_WARN_BLOCK_CAPTURE_AUTORELEASING = YES;
				CLANG_WARN_BOOL_CONVERSION = YES;
				CLANG_WARN_COMMA = YES;
				CLANG_WARN_CONSTANT_CONVERSION = YES;
				CLANG_WARN_DEPRECATED_OBJC_IMPLEMENTATIONS = YES;
				CLANG_WARN_DIRECT_OBJC_ISA_USAGE = YES_ERROR;
				CLANG_WARN_DOCUMENTATION_COMMENTS = YES;
				CLANG_WARN_EMPTY_BODY = YES;
				CLANG_WARN_ENUM_CONVERSION = YES;
				CLANG_WARN_INFINITE_RECURSION = YES;
				CLANG_WARN_INT_CONVERSION = YES;
				CLANG_WARN_NON_LITERAL_NULL_CONVERSION = YES;
				CLANG_WARN_OBJC_IMPLICIT_RETAIN_SELF = YES;
				CLANG_WARN_OBJC_LITERAL_CONVERSION = YES;
				CLANG_WARN_OBJC_ROOT_CLASS = YES_ERROR;
				CLANG_WARN_QUOTED_INCLUDE_IN_FRAMEWORK_HEADER = YES;
				CLANG_WARN_RANGE_LOOP_ANALYSIS = YES;
				CLANG_WARN_STRICT_PROTOTYPES = YES;
				CLANG_WARN_SUSPICIOUS_MOVE = YES;
				CLANG_WARN_UNGUARDED_AVAILABILITY = YES_AGGRESSIVE;
				CLANG_WARN_UNREACHABLE_CODE = YES;
				CLANG_WARN__DUPLICATE_METHOD_MATCH = YES;
				COPY_PHASE_STRIP = NO;
				DEBUG_INFORMATION_FORMAT = "dwarf-with-dsym";
				ENABLE_NS_ASSERTIONS = NO;
				ENABLE_STRICT_OBJC_MSGSEND = YES;
				GCC_C_LANGUAGE_STANDARD = gnu11;
				GCC_NO_COMMON_BLOCKS = YES;
				GCC_WARN_64_TO_32_BIT_CONVERSION = YES;
				GCC_WARN_ABOUT_RETURN_TYPE = YES_ERROR;
				GCC_WARN_UNDECLARED_SELECTOR = YES;
				GCC_WARN_UNINITIALIZED_AUTOS = YES_AGGRESSIVE;
				GCC_WARN_UNUSED_FUNCTION = YES;
				GCC_WARN_UNUSED_VARIABLE = YES;
				IPHONEOS_DEPLOYMENT_TARGET = 16.1;
				MTL_ENABLE_DEBUG_INFO = NO;
				MTL_FAST_MATH = YES;
				SDKROOT = iphoneos;
				SWIFT_COMPILATION_MODE = wholemodule;
				SWIFT_OPTIMIZATION_LEVEL = "-O";
				VALIDATE_PRODUCT = YES;
			};
			name = Release;
		};
		BF87B27C2918707200038FE1 /* Debug */ = {
			isa = XCBuildConfiguration;
			buildSettings = {
				ASSETCATALOG_COMPILER_APPICON_NAME = AppIcon;
				ASSETCATALOG_COMPILER_GLOBAL_ACCENT_COLOR_NAME = AccentColor;
				CODE_SIGN_STYLE = Automatic;
				CURRENT_PROJECT_VERSION = 1;
				DEVELOPMENT_TEAM = 7WULLR98GP;
				GENERATE_INFOPLIST_FILE = YES;
				INFOPLIST_FILE = AvoidingPoop/Info.plist;
				INFOPLIST_KEY_UIApplicationSupportsIndirectInputEvents = YES;
				INFOPLIST_KEY_UILaunchStoryboardName = LaunchScreen;
				INFOPLIST_KEY_UIMainStoryboardFile = Main;
				INFOPLIST_KEY_UIRequiresFullScreen = YES;
				INFOPLIST_KEY_UIStatusBarStyle = "";
				INFOPLIST_KEY_UISupportedInterfaceOrientations_iPad = "UIInterfaceOrientationPortrait UIInterfaceOrientationPortraitUpsideDown UIInterfaceOrientationLandscapeLeft UIInterfaceOrientationLandscapeRight";
				INFOPLIST_KEY_UISupportedInterfaceOrientations_iPhone = "UIInterfaceOrientationPortrait UIInterfaceOrientationLandscapeLeft UIInterfaceOrientationLandscapeRight";
				LD_RUNPATH_SEARCH_PATHS = (
					"$(inherited)",
					"@executable_path/Frameworks",
				);
				MARKETING_VERSION = 1.0;
				PRODUCT_BUNDLE_IDENTIFIER = kr.steve.AvoidingPoop;
				PRODUCT_NAME = "$(TARGET_NAME)";
				SWIFT_EMIT_LOC_STRINGS = YES;
				SWIFT_VERSION = 5.0;
				TARGETED_DEVICE_FAMILY = "1,2";
			};
			name = Debug;
		};
		BF87B27D2918707200038FE1 /* Release */ = {
			isa = XCBuildConfiguration;
			buildSettings = {
				ASSETCATALOG_COMPILER_APPICON_NAME = AppIcon;
				ASSETCATALOG_COMPILER_GLOBAL_ACCENT_COLOR_NAME = AccentColor;
				CODE_SIGN_STYLE = Automatic;
				CURRENT_PROJECT_VERSION = 1;
				DEVELOPMENT_TEAM = 7WULLR98GP;
				GENERATE_INFOPLIST_FILE = YES;
				INFOPLIST_FILE = AvoidingPoop/Info.plist;
				INFOPLIST_KEY_UIApplicationSupportsIndirectInputEvents = YES;
				INFOPLIST_KEY_UILaunchStoryboardName = LaunchScreen;
				INFOPLIST_KEY_UIMainStoryboardFile = Main;
				INFOPLIST_KEY_UIRequiresFullScreen = YES;
				INFOPLIST_KEY_UIStatusBarStyle = "";
				INFOPLIST_KEY_UISupportedInterfaceOrientations_iPad = "UIInterfaceOrientationPortrait UIInterfaceOrientationPortraitUpsideDown UIInterfaceOrientationLandscapeLeft UIInterfaceOrientationLandscapeRight";
				INFOPLIST_KEY_UISupportedInterfaceOrientations_iPhone = "UIInterfaceOrientationPortrait UIInterfaceOrientationLandscapeLeft UIInterfaceOrientationLandscapeRight";
				LD_RUNPATH_SEARCH_PATHS = (
					"$(inherited)",
					"@executable_path/Frameworks",
				);
				MARKETING_VERSION = 1.0;
				PRODUCT_BUNDLE_IDENTIFIER = kr.steve.AvoidingPoop;
				PRODUCT_NAME = "$(TARGET_NAME)";
				SWIFT_EMIT_LOC_STRINGS = YES;
				SWIFT_VERSION = 5.0;
				TARGETED_DEVICE_FAMILY = "1,2";
			};
			name = Release;
		};
/* End XCBuildConfiguration section */

/* Begin XCConfigurationList section */
		BF87B2622918707000038FE1 /* Build configuration list for PBXProject "AvoidingPoop" */ = {
			isa = XCConfigurationList;
			buildConfigurations = (
				BF87B2792918707200038FE1 /* Debug */,
				BF87B27A2918707200038FE1 /* Release */,
			);
			defaultConfigurationIsVisible = 0;
			defaultConfigurationName = Release;
		};
		BF87B27B2918707200038FE1 /* Build configuration list for PBXNativeTarget "AvoidingPoop" */ = {
			isa = XCConfigurationList;
			buildConfigurations = (
				BF87B27C2918707200038FE1 /* Debug */,
				BF87B27D2918707200038FE1 /* Release */,
			);
			defaultConfigurationIsVisible = 0;
			defaultConfigurationName = Release;
		};
/* End XCConfigurationList section */
	};
	rootObject = BF87B25F2918707000038FE1 /* Project object */;
}
